// !$*UTF8*$!
{
	archiveVersion = 1;
	classes = {
	};
	objectVersion = 51;
	objects = {

/* Begin PBXBuildFile section */
		A30A039624D99AE900792EFF /* EventListView.swift in Sources */ = {isa = PBXBuildFile; fileRef = A30A039524D99AE900792EFF /* EventListView.swift */; };
		A37B201724DA37BC00F5C28F /* RelayEventListView.swift in Sources */ = {isa = PBXBuildFile; fileRef = A37B201624DA37BC00F5C28F /* RelayEventListView.swift */; };
		A37B201924DA5B4A00F5C28F /* WebView.swift in Sources */ = {isa = PBXBuildFile; fileRef = A37B201824DA5B4A00F5C28F /* WebView.swift */; };
		A37B201D24DA61AF00F5C28F /* GameApplicationView.swift in Sources */ = {isa = PBXBuildFile; fileRef = A37B201C24DA61AF00F5C28F /* GameApplicationView.swift */; };
		A381367824D7C64500826754 /* ordercompletedatabase.swift in Sources */ = {isa = PBXBuildFile; fileRef = A381367724D7C64500826754 /* ordercompletedatabase.swift */; };
		A384B93C24D6C35F00B9087D /* relaycompletedatabase.swift in Sources */ = {isa = PBXBuildFile; fileRef = A384B93B24D6C35F00B9087D /* relaycompletedatabase.swift */; };
		A384B94024D6CBF400B9087D /* RelayApproveView.swift in Sources */ = {isa = PBXBuildFile; fileRef = A384B93F24D6CBF400B9087D /* RelayApproveView.swift */; };
		A385A8C824C9E2D6006F57C9 /* gamedatabase.swift in Sources */ = {isa = PBXBuildFile; fileRef = A385A8C724C9E2D6006F57C9 /* gamedatabase.swift */; };
		A38629F324CFFA87004D4155 /* MakeGameView.swift in Sources */ = {isa = PBXBuildFile; fileRef = A38629F224CFFA87004D4155 /* MakeGameView.swift */; };
		A38629F524CFFAF7004D4155 /* ApproveView.swift in Sources */ = {isa = PBXBuildFile; fileRef = A38629F424CFFAF7004D4155 /* ApproveView.swift */; };
		A38629F724CFFB67004D4155 /* OrderListView.swift in Sources */ = {isa = PBXBuildFile; fileRef = A38629F624CFFB67004D4155 /* OrderListView.swift */; };
		A38629F924CFFC02004D4155 /* EntryListView.swift in Sources */ = {isa = PBXBuildFile; fileRef = A38629F824CFFC02004D4155 /* EntryListView.swift */; };
		A38629FB24D00746004D4155 /* ManagerCreateView.swift in Sources */ = {isa = PBXBuildFile; fileRef = A38629FA24D00746004D4155 /* ManagerCreateView.swift */; };
		A38629FD24D007BC004D4155 /* ManagerQuestion.swift in Sources */ = {isa = PBXBuildFile; fileRef = A38629FC24D007BC004D4155 /* ManagerQuestion.swift */; };
		A38629FF24D00C0B004D4155 /* managerdatabase.swift in Sources */ = {isa = PBXBuildFile; fileRef = A38629FE24D00C0B004D4155 /* managerdatabase.swift */; };
		A38CA31C24D1832B0092592D /* ManagerEditView.swift in Sources */ = {isa = PBXBuildFile; fileRef = A38CA31B24D1832B0092592D /* ManagerEditView.swift */; };
		A3AA150824D3E0B900D5DFB0 /* GameApplicationFinishView.swift in Sources */ = {isa = PBXBuildFile; fileRef = A3AA150724D3E0B900D5DFB0 /* GameApplicationFinishView.swift */; };
		A3AA150A24D3ECD800D5DFB0 /* gamecompletedatabase.swift in Sources */ = {isa = PBXBuildFile; fileRef = A3AA150924D3ECD800D5DFB0 /* gamecompletedatabase.swift */; };
		A3AA150C24D3F03A00D5DFB0 /* GameListView.swift in Sources */ = {isa = PBXBuildFile; fileRef = A3AA150B24D3F03A00D5DFB0 /* GameListView.swift */; };
		A3ACD7DE24CD781E00211BB9 /* UserEditFinishView.swift in Sources */ = {isa = PBXBuildFile; fileRef = A3ACD7DD24CD781E00211BB9 /* UserEditFinishView.swift */; };
		A3ACD7E024CD846700211BB9 /* DiaryView.swift in Sources */ = {isa = PBXBuildFile; fileRef = A3ACD7DF24CD846700211BB9 /* DiaryView.swift */; };
		A3B2CCC424D67852004E345E /* RelayApplicationView.swift in Sources */ = {isa = PBXBuildFile; fileRef = A3B2CCC324D67852004E345E /* RelayApplicationView.swift */; };
		A3B2CCC624D6787C004E345E /* RelayApplicationFinishView.swift in Sources */ = {isa = PBXBuildFile; fileRef = A3B2CCC524D6787C004E345E /* RelayApplicationFinishView.swift */; };
		A3B2CCC824D678D5004E345E /* RelayOrderView.swift in Sources */ = {isa = PBXBuildFile; fileRef = A3B2CCC724D678D5004E345E /* RelayOrderView.swift */; };
		A3B2CCCA24D678FA004E345E /* RelayListView.swift in Sources */ = {isa = PBXBuildFile; fileRef = A3B2CCC924D678FA004E345E /* RelayListView.swift */; };
		A3B2CCCC24D6791A004E345E /* RelayQuestionView.swift in Sources */ = {isa = PBXBuildFile; fileRef = A3B2CCCB24D6791A004E345E /* RelayQuestionView.swift */; };
		A3B3D27524DACF50005B79A1 /* GameEndView.swift in Sources */ = {isa = PBXBuildFile; fileRef = A3B3D27424DACF50005B79A1 /* GameEndView.swift */; };
		A3B3D27724DACF67005B79A1 /* ManagerEndView.swift in Sources */ = {isa = PBXBuildFile; fileRef = A3B3D27624DACF67005B79A1 /* ManagerEndView.swift */; };
		A3B3D27924DACF7B005B79A1 /* RelayEndView.swift in Sources */ = {isa = PBXBuildFile; fileRef = A3B3D27824DACF7B005B79A1 /* RelayEndView.swift */; };
		A3B3D27B24DAD332005B79A1 /* GameFinishView.swift in Sources */ = {isa = PBXBuildFile; fileRef = A3B3D27A24DAD332005B79A1 /* GameFinishView.swift */; };
		A3B3F30024D5230C005A7042 /* TimeView.swift in Sources */ = {isa = PBXBuildFile; fileRef = A3B3F2FF24D5230C005A7042 /* TimeView.swift */; };
		A3B3F30224D5232A005A7042 /* TimeListView.swift in Sources */ = {isa = PBXBuildFile; fileRef = A3B3F30124D5232A005A7042 /* TimeListView.swift */; };
		A3B3F30424D5293A005A7042 /* timedatabase.swift in Sources */ = {isa = PBXBuildFile; fileRef = A3B3F30324D5293A005A7042 /* timedatabase.swift */; };
		A3BA94A924CAC79D00553216 /* UserCreateFinishView.swift in Sources */ = {isa = PBXBuildFile; fileRef = A3BA94A824CAC79D00553216 /* UserCreateFinishView.swift */; };
		A3BA94AB24CAD1D100553216 /* diarydatabase.swift in Sources */ = {isa = PBXBuildFile; fileRef = A3BA94AA24CAD1D100553216 /* diarydatabase.swift */; };
		A3BA94AD24CAD2DC00553216 /* UserEditView.swift in Sources */ = {isa = PBXBuildFile; fileRef = A3BA94AC24CAD2DC00553216 /* UserEditView.swift */; };
		A3CCC74024D0618E0018E78D /* GameEditView.swift in Sources */ = {isa = PBXBuildFile; fileRef = A3CCC73F24D0618E0018E78D /* GameEditView.swift */; };
		A3D4867424C9395100511354 /* WelcomeView.swift in Sources */ = {isa = PBXBuildFile; fileRef = A3D4867324C9395100511354 /* WelcomeView.swift */; };
		A3D4867724C9667A00511354 /* GameView.swift in Sources */ = {isa = PBXBuildFile; fileRef = A3D4867624C9667A00511354 /* GameView.swift */; };
		A3D4867A24C96AB500511354 /* userdatabase.swift in Sources */ = {isa = PBXBuildFile; fileRef = A3D4867924C96AB500511354 /* userdatabase.swift */; };
		A3D4868024C99F8A00511354 /* UserCreateView.swift in Sources */ = {isa = PBXBuildFile; fileRef = A3D4867F24C99F8A00511354 /* UserCreateView.swift */; };
		A3D4A50724C7017600A93215 /* AppDelegate.swift in Sources */ = {isa = PBXBuildFile; fileRef = A3D4A50624C7017600A93215 /* AppDelegate.swift */; };
		A3D4A50924C7017600A93215 /* SceneDelegate.swift in Sources */ = {isa = PBXBuildFile; fileRef = A3D4A50824C7017600A93215 /* SceneDelegate.swift */; };
		A3D4A50C24C7017600A93215 /* RelayApplication.xcdatamodeld in Sources */ = {isa = PBXBuildFile; fileRef = A3D4A50A24C7017600A93215 /* RelayApplication.xcdatamodeld */; };
		A3D4A50E24C7017600A93215 /* ContentView.swift in Sources */ = {isa = PBXBuildFile; fileRef = A3D4A50D24C7017600A93215 /* ContentView.swift */; };
		A3D4A51024C7017700A93215 /* Assets.xcassets in Resources */ = {isa = PBXBuildFile; fileRef = A3D4A50F24C7017700A93215 /* Assets.xcassets */; };
		A3D4A51324C7017700A93215 /* Preview Assets.xcassets in Resources */ = {isa = PBXBuildFile; fileRef = A3D4A51224C7017700A93215 /* Preview Assets.xcassets */; };
		A3D4A51624C7017700A93215 /* LaunchScreen.storyboard in Resources */ = {isa = PBXBuildFile; fileRef = A3D4A51424C7017700A93215 /* LaunchScreen.storyboard */; };
		A3D4A51E24C7020300A93215 /* GoogleService-Info.plist in Resources */ = {isa = PBXBuildFile; fileRef = A3D4A51D24C7020300A93215 /* GoogleService-Info.plist */; };
		A3D4A52024C705D700A93215 /* HandlingView.swift in Sources */ = {isa = PBXBuildFile; fileRef = A3D4A51F24C705D700A93215 /* HandlingView.swift */; };
		A3D4A52224C7060100A93215 /* Homescreen.swift in Sources */ = {isa = PBXBuildFile; fileRef = A3D4A52124C7060100A93215 /* Homescreen.swift */; };
		A3D4A52424C7064D00A93215 /* ManagerView.swift in Sources */ = {isa = PBXBuildFile; fileRef = A3D4A52324C7064D00A93215 /* ManagerView.swift */; };
		A3D4A52724C7074A00A93215 /* LooginView.swift in Sources */ = {isa = PBXBuildFile; fileRef = A3D4A52624C7074A00A93215 /* LooginView.swift */; };
		A3D4A52A24C7078600A93215 /* SingUpView.swift in Sources */ = {isa = PBXBuildFile; fileRef = A3D4A52924C7078600A93215 /* SingUpView.swift */; };
		A3D6A1CB24D2D024001270E0 /* KeyboardObserver.swift in Sources */ = {isa = PBXBuildFile; fileRef = A3D6A1CA24D2D024001270E0 /* KeyboardObserver.swift */; };
		A3D7121224CECB1300A3B298 /* DiaryListView.swift in Sources */ = {isa = PBXBuildFile; fileRef = A3D7121124CECB1300A3B298 /* DiaryListView.swift */; };
		A3E3C94724CFC55D0009D4D2 /* RelayView.swift in Sources */ = {isa = PBXBuildFile; fileRef = A3E3C94624CFC55D0009D4D2 /* RelayView.swift */; };
		A3E3C94924CFCA680009D4D2 /* ManagerTopView.swift in Sources */ = {isa = PBXBuildFile; fileRef = A3E3C94824CFCA680009D4D2 /* ManagerTopView.swift */; };
		ACAA7300EDFD604F1759D338 /* Pods_RelayApplication.framework in Frameworks */ = {isa = PBXBuildFile; fileRef = 52EBDA172E8DB668E5F07575 /* Pods_RelayApplication.framework */; };
/* End PBXBuildFile section */

/* Begin PBXFileReference section */
		1E0254F1E36F9930BB8C6D7D /* Pods-RelayApplication.debug.xcconfig */ = {isa = PBXFileReference; includeInIndex = 1; lastKnownFileType = text.xcconfig; name = "Pods-RelayApplication.debug.xcconfig"; path = "Target Support Files/Pods-RelayApplication/Pods-RelayApplication.debug.xcconfig"; sourceTree = "<group>"; };
		52EBDA172E8DB668E5F07575 /* Pods_RelayApplication.framework */ = {isa = PBXFileReference; explicitFileType = wrapper.framework; includeInIndex = 0; path = Pods_RelayApplication.framework; sourceTree = BUILT_PRODUCTS_DIR; };
		5A773736354E286946E6B8FA /* Pods-RelayApplication.release.xcconfig */ = {isa = PBXFileReference; includeInIndex = 1; lastKnownFileType = text.xcconfig; name = "Pods-RelayApplication.release.xcconfig"; path = "Target Support Files/Pods-RelayApplication/Pods-RelayApplication.release.xcconfig"; sourceTree = "<group>"; };
		A30A039524D99AE900792EFF /* EventListView.swift */ = {isa = PBXFileReference; lastKnownFileType = sourcecode.swift; path = EventListView.swift; sourceTree = "<group>"; };
		A37B201624DA37BC00F5C28F /* RelayEventListView.swift */ = {isa = PBXFileReference; lastKnownFileType = sourcecode.swift; path = RelayEventListView.swift; sourceTree = "<group>"; };
		A37B201824DA5B4A00F5C28F /* WebView.swift */ = {isa = PBXFileReference; lastKnownFileType = sourcecode.swift; path = WebView.swift; sourceTree = "<group>"; };
		A37B201C24DA61AF00F5C28F /* GameApplicationView.swift */ = {isa = PBXFileReference; fileEncoding = 4; lastKnownFileType = sourcecode.swift; name = GameApplicationView.swift; path = ../../../../.Trash/GameApplicationView.swift; sourceTree = "<group>"; };
		A381367724D7C64500826754 /* ordercompletedatabase.swift */ = {isa = PBXFileReference; lastKnownFileType = sourcecode.swift; path = ordercompletedatabase.swift; sourceTree = "<group>"; };
		A384B93B24D6C35F00B9087D /* relaycompletedatabase.swift */ = {isa = PBXFileReference; lastKnownFileType = sourcecode.swift; path = relaycompletedatabase.swift; sourceTree = "<group>"; };
		A384B93F24D6CBF400B9087D /* RelayApproveView.swift */ = {isa = PBXFileReference; lastKnownFileType = sourcecode.swift; path = RelayApproveView.swift; sourceTree = "<group>"; };
		A385A8C724C9E2D6006F57C9 /* gamedatabase.swift */ = {isa = PBXFileReference; lastKnownFileType = sourcecode.swift; path = gamedatabase.swift; sourceTree = "<group>"; };
		A38629F224CFFA87004D4155 /* MakeGameView.swift */ = {isa = PBXFileReference; lastKnownFileType = sourcecode.swift; path = MakeGameView.swift; sourceTree = "<group>"; };
		A38629F424CFFAF7004D4155 /* ApproveView.swift */ = {isa = PBXFileReference; lastKnownFileType = sourcecode.swift; path = ApproveView.swift; sourceTree = "<group>"; };
		A38629F624CFFB67004D4155 /* OrderListView.swift */ = {isa = PBXFileReference; lastKnownFileType = sourcecode.swift; path = OrderListView.swift; sourceTree = "<group>"; };
		A38629F824CFFC02004D4155 /* EntryListView.swift */ = {isa = PBXFileReference; lastKnownFileType = sourcecode.swift; path = EntryListView.swift; sourceTree = "<group>"; };
		A38629FA24D00746004D4155 /* ManagerCreateView.swift */ = {isa = PBXFileReference; lastKnownFileType = sourcecode.swift; path = ManagerCreateView.swift; sourceTree = "<group>"; };
		A38629FC24D007BC004D4155 /* ManagerQuestion.swift */ = {isa = PBXFileReference; lastKnownFileType = sourcecode.swift; path = ManagerQuestion.swift; sourceTree = "<group>"; };
		A38629FE24D00C0B004D4155 /* managerdatabase.swift */ = {isa = PBXFileReference; lastKnownFileType = sourcecode.swift; path = managerdatabase.swift; sourceTree = "<group>"; };
		A38CA31B24D1832B0092592D /* ManagerEditView.swift */ = {isa = PBXFileReference; lastKnownFileType = sourcecode.swift; path = ManagerEditView.swift; sourceTree = "<group>"; };
		A3AA150724D3E0B900D5DFB0 /* GameApplicationFinishView.swift */ = {isa = PBXFileReference; lastKnownFileType = sourcecode.swift; path = GameApplicationFinishView.swift; sourceTree = "<group>"; };
		A3AA150924D3ECD800D5DFB0 /* gamecompletedatabase.swift */ = {isa = PBXFileReference; lastKnownFileType = sourcecode.swift; path = gamecompletedatabase.swift; sourceTree = "<group>"; };
		A3AA150B24D3F03A00D5DFB0 /* GameListView.swift */ = {isa = PBXFileReference; lastKnownFileType = sourcecode.swift; path = GameListView.swift; sourceTree = "<group>"; };
		A3ACD7DD24CD781E00211BB9 /* UserEditFinishView.swift */ = {isa = PBXFileReference; lastKnownFileType = sourcecode.swift; path = UserEditFinishView.swift; sourceTree = "<group>"; };
		A3ACD7DF24CD846700211BB9 /* DiaryView.swift */ = {isa = PBXFileReference; lastKnownFileType = sourcecode.swift; path = DiaryView.swift; sourceTree = "<group>"; };
		A3B2CCC324D67852004E345E /* RelayApplicationView.swift */ = {isa = PBXFileReference; lastKnownFileType = sourcecode.swift; path = RelayApplicationView.swift; sourceTree = "<group>"; };
		A3B2CCC524D6787C004E345E /* RelayApplicationFinishView.swift */ = {isa = PBXFileReference; lastKnownFileType = sourcecode.swift; path = RelayApplicationFinishView.swift; sourceTree = "<group>"; };
		A3B2CCC724D678D5004E345E /* RelayOrderView.swift */ = {isa = PBXFileReference; lastKnownFileType = sourcecode.swift; path = RelayOrderView.swift; sourceTree = "<group>"; };
		A3B2CCC924D678FA004E345E /* RelayListView.swift */ = {isa = PBXFileReference; lastKnownFileType = sourcecode.swift; path = RelayListView.swift; sourceTree = "<group>"; };
		A3B2CCCB24D6791A004E345E /* RelayQuestionView.swift */ = {isa = PBXFileReference; lastKnownFileType = sourcecode.swift; path = RelayQuestionView.swift; sourceTree = "<group>"; };
		A3B3D27424DACF50005B79A1 /* GameEndView.swift */ = {isa = PBXFileReference; lastKnownFileType = sourcecode.swift; path = GameEndView.swift; sourceTree = "<group>"; };
		A3B3D27624DACF67005B79A1 /* ManagerEndView.swift */ = {isa = PBXFileReference; lastKnownFileType = sourcecode.swift; path = ManagerEndView.swift; sourceTree = "<group>"; };
		A3B3D27824DACF7B005B79A1 /* RelayEndView.swift */ = {isa = PBXFileReference; lastKnownFileType = sourcecode.swift; path = RelayEndView.swift; sourceTree = "<group>"; };
		A3B3D27A24DAD332005B79A1 /* GameFinishView.swift */ = {isa = PBXFileReference; lastKnownFileType = sourcecode.swift; path = GameFinishView.swift; sourceTree = "<group>"; };
		A3B3F2FF24D5230C005A7042 /* TimeView.swift */ = {isa = PBXFileReference; lastKnownFileType = sourcecode.swift; path = TimeView.swift; sourceTree = "<group>"; };
		A3B3F30124D5232A005A7042 /* TimeListView.swift */ = {isa = PBXFileReference; lastKnownFileType = sourcecode.swift; path = TimeListView.swift; sourceTree = "<group>"; };
		A3B3F30324D5293A005A7042 /* timedatabase.swift */ = {isa = PBXFileReference; lastKnownFileType = sourcecode.swift; path = timedatabase.swift; sourceTree = "<group>"; };
		A3BA94A824CAC79D00553216 /* UserCreateFinishView.swift */ = {isa = PBXFileReference; lastKnownFileType = sourcecode.swift; path = UserCreateFinishView.swift; sourceTree = "<group>"; };
		A3BA94AA24CAD1D100553216 /* diarydatabase.swift */ = {isa = PBXFileReference; lastKnownFileType = sourcecode.swift; path = diarydatabase.swift; sourceTree = "<group>"; };
		A3BA94AC24CAD2DC00553216 /* UserEditView.swift */ = {isa = PBXFileReference; lastKnownFileType = sourcecode.swift; path = UserEditView.swift; sourceTree = "<group>"; };
		A3CCC73F24D0618E0018E78D /* GameEditView.swift */ = {isa = PBXFileReference; lastKnownFileType = sourcecode.swift; path = GameEditView.swift; sourceTree = "<group>"; };
		A3D4867324C9395100511354 /* WelcomeView.swift */ = {isa = PBXFileReference; lastKnownFileType = sourcecode.swift; path = WelcomeView.swift; sourceTree = "<group>"; };
		A3D4867624C9667A00511354 /* GameView.swift */ = {isa = PBXFileReference; lastKnownFileType = sourcecode.swift; path = GameView.swift; sourceTree = "<group>"; };
		A3D4867924C96AB500511354 /* userdatabase.swift */ = {isa = PBXFileReference; lastKnownFileType = sourcecode.swift; path = userdatabase.swift; sourceTree = "<group>"; };
		A3D4867F24C99F8A00511354 /* UserCreateView.swift */ = {isa = PBXFileReference; lastKnownFileType = sourcecode.swift; path = UserCreateView.swift; sourceTree = "<group>"; };
		A3D4A50324C7017600A93215 /* RelayApplication.app */ = {isa = PBXFileReference; explicitFileType = wrapper.application; includeInIndex = 0; path = RelayApplication.app; sourceTree = BUILT_PRODUCTS_DIR; };
		A3D4A50624C7017600A93215 /* AppDelegate.swift */ = {isa = PBXFileReference; lastKnownFileType = sourcecode.swift; path = AppDelegate.swift; sourceTree = "<group>"; };
		A3D4A50824C7017600A93215 /* SceneDelegate.swift */ = {isa = PBXFileReference; lastKnownFileType = sourcecode.swift; path = SceneDelegate.swift; sourceTree = "<group>"; };
		A3D4A50B24C7017600A93215 /* RelayApplication.xcdatamodel */ = {isa = PBXFileReference; lastKnownFileType = wrapper.xcdatamodel; path = RelayApplication.xcdatamodel; sourceTree = "<group>"; };
		A3D4A50D24C7017600A93215 /* ContentView.swift */ = {isa = PBXFileReference; lastKnownFileType = sourcecode.swift; path = ContentView.swift; sourceTree = "<group>"; };
		A3D4A50F24C7017700A93215 /* Assets.xcassets */ = {isa = PBXFileReference; lastKnownFileType = folder.assetcatalog; path = Assets.xcassets; sourceTree = "<group>"; };
		A3D4A51224C7017700A93215 /* Preview Assets.xcassets */ = {isa = PBXFileReference; lastKnownFileType = folder.assetcatalog; path = "Preview Assets.xcassets"; sourceTree = "<group>"; };
		A3D4A51524C7017700A93215 /* Base */ = {isa = PBXFileReference; lastKnownFileType = file.storyboard; name = Base; path = Base.lproj/LaunchScreen.storyboard; sourceTree = "<group>"; };
		A3D4A51724C7017700A93215 /* Info.plist */ = {isa = PBXFileReference; lastKnownFileType = text.plist.xml; path = Info.plist; sourceTree = "<group>"; };
		A3D4A51D24C7020300A93215 /* GoogleService-Info.plist */ = {isa = PBXFileReference; fileEncoding = 4; lastKnownFileType = text.plist.xml; name = "GoogleService-Info.plist"; path = "../../../Downloads/GoogleService-Info.plist"; sourceTree = "<group>"; };
		A3D4A51F24C705D700A93215 /* HandlingView.swift */ = {isa = PBXFileReference; lastKnownFileType = sourcecode.swift; path = HandlingView.swift; sourceTree = "<group>"; };
		A3D4A52124C7060100A93215 /* Homescreen.swift */ = {isa = PBXFileReference; lastKnownFileType = sourcecode.swift; path = Homescreen.swift; sourceTree = "<group>"; };
		A3D4A52324C7064D00A93215 /* ManagerView.swift */ = {isa = PBXFileReference; lastKnownFileType = sourcecode.swift; path = ManagerView.swift; sourceTree = "<group>"; };
		A3D4A52624C7074A00A93215 /* LooginView.swift */ = {isa = PBXFileReference; lastKnownFileType = sourcecode.swift; path = LooginView.swift; sourceTree = "<group>"; };
		A3D4A52924C7078600A93215 /* SingUpView.swift */ = {isa = PBXFileReference; lastKnownFileType = sourcecode.swift; path = SingUpView.swift; sourceTree = "<group>"; };
		A3D6A1CA24D2D024001270E0 /* KeyboardObserver.swift */ = {isa = PBXFileReference; lastKnownFileType = sourcecode.swift; path = KeyboardObserver.swift; sourceTree = "<group>"; };
		A3D7121124CECB1300A3B298 /* DiaryListView.swift */ = {isa = PBXFileReference; lastKnownFileType = sourcecode.swift; path = DiaryListView.swift; sourceTree = "<group>"; };
		A3E3C94624CFC55D0009D4D2 /* RelayView.swift */ = {isa = PBXFileReference; lastKnownFileType = sourcecode.swift; path = RelayView.swift; sourceTree = "<group>"; };
		A3E3C94824CFCA680009D4D2 /* ManagerTopView.swift */ = {isa = PBXFileReference; lastKnownFileType = sourcecode.swift; path = ManagerTopView.swift; sourceTree = "<group>"; };
/* End PBXFileReference section */

/* Begin PBXFrameworksBuildPhase section */
		A3D4A50024C7017600A93215 /* Frameworks */ = {
			isa = PBXFrameworksBuildPhase;
			buildActionMask = 2147483647;
			files = (
				ACAA7300EDFD604F1759D338 /* Pods_RelayApplication.framework in Frameworks */,
			);
			runOnlyForDeploymentPostprocessing = 0;
		};
/* End PBXFrameworksBuildPhase section */

/* Begin PBXGroup section */
		A387D7AB24CC61E7007A46AD /* Relay */ = {
			isa = PBXGroup;
			children = (
				A3E3C94624CFC55D0009D4D2 /* RelayView.swift */,
				A3B2CCC324D67852004E345E /* RelayApplicationView.swift */,
				A3B2CCC524D6787C004E345E /* RelayApplicationFinishView.swift */,
				A3B2CCC724D678D5004E345E /* RelayOrderView.swift */,
				A3B2CCC924D678FA004E345E /* RelayListView.swift */,
				A3B2CCCB24D6791A004E345E /* RelayQuestionView.swift */,
				A37B201624DA37BC00F5C28F /* RelayEventListView.swift */,
				A3B3D27824DACF7B005B79A1 /* RelayEndView.swift */,
			);
			path = Relay;
			sourceTree = "<group>";
		};
		A387D7AC24CC61F9007A46AD /* Manager */ = {
			isa = PBXGroup;
			children = (
				A3E3C94824CFCA680009D4D2 /* ManagerTopView.swift */,
				A3D4A52324C7064D00A93215 /* ManagerView.swift */,
				A38629FA24D00746004D4155 /* ManagerCreateView.swift */,
				A38629F224CFFA87004D4155 /* MakeGameView.swift */,
				A3CCC73F24D0618E0018E78D /* GameEditView.swift */,
				A38CA31B24D1832B0092592D /* ManagerEditView.swift */,
				A38629F424CFFAF7004D4155 /* ApproveView.swift */,
				A384B93F24D6CBF400B9087D /* RelayApproveView.swift */,
				A38629F624CFFB67004D4155 /* OrderListView.swift */,
				A38629F824CFFC02004D4155 /* EntryListView.swift */,
				A38629FC24D007BC004D4155 /* ManagerQuestion.swift */,
				A3B3D27624DACF67005B79A1 /* ManagerEndView.swift */,
				A3B3D27A24DAD332005B79A1 /* GameFinishView.swift */,
			);
			path = Manager;
			sourceTree = "<group>";
		};
		A3D4867224C9393A00511354 /* Welcome */ = {
			isa = PBXGroup;
			children = (
				A3D4867324C9395100511354 /* WelcomeView.swift */,
			);
			path = Welcome;
			sourceTree = "<group>";
		};
		A3D4867824C96AA300511354 /* Database */ = {
			isa = PBXGroup;
			children = (
				A3D4867924C96AB500511354 /* userdatabase.swift */,
				A385A8C724C9E2D6006F57C9 /* gamedatabase.swift */,
				A3BA94AA24CAD1D100553216 /* diarydatabase.swift */,
				A38629FE24D00C0B004D4155 /* managerdatabase.swift */,
				A3AA150924D3ECD800D5DFB0 /* gamecompletedatabase.swift */,
				A3B3F30324D5293A005A7042 /* timedatabase.swift */,
				A384B93B24D6C35F00B9087D /* relaycompletedatabase.swift */,
				A381367724D7C64500826754 /* ordercompletedatabase.swift */,
			);
			path = Database;
			sourceTree = "<group>";
		};
		A3D4867E24C99F5800511354 /* Homescreen */ = {
			isa = PBXGroup;
			children = (
				A3D4A52124C7060100A93215 /* Homescreen.swift */,
				A3D4867F24C99F8A00511354 /* UserCreateView.swift */,
				A3BA94A824CAC79D00553216 /* UserCreateFinishView.swift */,
				A3BA94AC24CAD2DC00553216 /* UserEditView.swift */,
				A3ACD7DD24CD781E00211BB9 /* UserEditFinishView.swift */,
				A3ACD7DF24CD846700211BB9 /* DiaryView.swift */,
				A3D7121124CECB1300A3B298 /* DiaryListView.swift */,
			);
			path = Homescreen;
			sourceTree = "<group>";
		};
		A3D4A4FA24C7017600A93215 = {
			isa = PBXGroup;
			children = (
				A3D4A50524C7017600A93215 /* RelayApplication */,
				A3D4A50424C7017600A93215 /* Products */,
				B275EE6B64BF59DF5BAFB272 /* Pods */,
				C47739EE12434A0EE3DA3F5A /* Frameworks */,
			);
			sourceTree = "<group>";
		};
		A3D4A50424C7017600A93215 /* Products */ = {
			isa = PBXGroup;
			children = (
				A3D4A50324C7017600A93215 /* RelayApplication.app */,
			);
			name = Products;
			sourceTree = "<group>";
		};
		A3D4A50524C7017600A93215 /* RelayApplication */ = {
			isa = PBXGroup;
			children = (
				A3E3C94524CFC53F0009D4D2 /* Game */,
				A387D7AC24CC61F9007A46AD /* Manager */,
				A387D7AB24CC61E7007A46AD /* Relay */,
				A3D4867E24C99F5800511354 /* Homescreen */,
				A3D4867824C96AA300511354 /* Database */,
				A3D4867224C9393A00511354 /* Welcome */,
				A3D4A52824C7077200A93215 /* SingUp */,
				A3D4A52524C706D600A93215 /* Login */,
				A3D4A51D24C7020300A93215 /* GoogleService-Info.plist */,
				A3D4A50624C7017600A93215 /* AppDelegate.swift */,
				A3D4A50824C7017600A93215 /* SceneDelegate.swift */,
				A3D4A50D24C7017600A93215 /* ContentView.swift */,
				A3D4A50F24C7017700A93215 /* Assets.xcassets */,
				A3D4A51424C7017700A93215 /* LaunchScreen.storyboard */,
				A3D4A51724C7017700A93215 /* Info.plist */,
				A3D4A50A24C7017600A93215 /* RelayApplication.xcdatamodeld */,
				A3D4A51124C7017700A93215 /* Preview Content */,
				A3D4A51F24C705D700A93215 /* HandlingView.swift */,
				A3D6A1CA24D2D024001270E0 /* KeyboardObserver.swift */,
			);
			path = RelayApplication;
			sourceTree = "<group>";
		};
		A3D4A51124C7017700A93215 /* Preview Content */ = {
			isa = PBXGroup;
			children = (
				A3D4A51224C7017700A93215 /* Preview Assets.xcassets */,
			);
			path = "Preview Content";
			sourceTree = "<group>";
		};
		A3D4A52524C706D600A93215 /* Login */ = {
			isa = PBXGroup;
			children = (
				A3D4A52624C7074A00A93215 /* LooginView.swift */,
			);
			path = Login;
			sourceTree = "<group>";
		};
		A3D4A52824C7077200A93215 /* SingUp */ = {
			isa = PBXGroup;
			children = (
				A3D4A52924C7078600A93215 /* SingUpView.swift */,
			);
			path = SingUp;
			sourceTree = "<group>";
		};
		A3E3C94524CFC53F0009D4D2 /* Game */ = {
			isa = PBXGroup;
			children = (
				A3D4867624C9667A00511354 /* GameView.swift */,
				A37B201C24DA61AF00F5C28F /* GameApplicationView.swift */,
				A3AA150724D3E0B900D5DFB0 /* GameApplicationFinishView.swift */,
				A3AA150B24D3F03A00D5DFB0 /* GameListView.swift */,
				A3B3F2FF24D5230C005A7042 /* TimeView.swift */,
				A3B3F30124D5232A005A7042 /* TimeListView.swift */,
				A30A039524D99AE900792EFF /* EventListView.swift */,
				A37B201824DA5B4A00F5C28F /* WebView.swift */,
				A3B3D27424DACF50005B79A1 /* GameEndView.swift */,
			);
			path = Game;
			sourceTree = "<group>";
		};
		B275EE6B64BF59DF5BAFB272 /* Pods */ = {
			isa = PBXGroup;
			children = (
				1E0254F1E36F9930BB8C6D7D /* Pods-RelayApplication.debug.xcconfig */,
				5A773736354E286946E6B8FA /* Pods-RelayApplication.release.xcconfig */,
			);
			path = Pods;
			sourceTree = "<group>";
		};
		C47739EE12434A0EE3DA3F5A /* Frameworks */ = {
			isa = PBXGroup;
			children = (
				52EBDA172E8DB668E5F07575 /* Pods_RelayApplication.framework */,
			);
			name = Frameworks;
			sourceTree = "<group>";
		};
/* End PBXGroup section */

/* Begin PBXNativeTarget section */
		A3D4A50224C7017600A93215 /* RelayApplication */ = {
			isa = PBXNativeTarget;
			buildConfigurationList = A3D4A51A24C7017700A93215 /* Build configuration list for PBXNativeTarget "RelayApplication" */;
			buildPhases = (
				BDDFC57267C247C2A97614BA /* [CP] Check Pods Manifest.lock */,
				A3D4A4FF24C7017600A93215 /* Sources */,
				A3D4A50024C7017600A93215 /* Frameworks */,
				A3D4A50124C7017600A93215 /* Resources */,
				BFF5F373E1844298536F9E2B /* [CP] Embed Pods Frameworks */,
			);
			buildRules = (
			);
			dependencies = (
			);
			name = RelayApplication;
			productName = RelayApplication;
			productReference = A3D4A50324C7017600A93215 /* RelayApplication.app */;
			productType = "com.apple.product-type.application";
		};
/* End PBXNativeTarget section */

/* Begin PBXProject section */
		A3D4A4FB24C7017600A93215 /* Project object */ = {
			isa = PBXProject;
			attributes = {
				LastSwiftUpdateCheck = 1160;
				LastUpgradeCheck = 1160;
				ORGANIZATIONNAME = "松岡奈央";
				TargetAttributes = {
					A3D4A50224C7017600A93215 = {
						CreatedOnToolsVersion = 11.6;
					};
				};
			};
			buildConfigurationList = A3D4A4FE24C7017600A93215 /* Build configuration list for PBXProject "RelayApplication" */;
			compatibilityVersion = "Xcode 9.3";
			developmentRegion = en;
			hasScannedForEncodings = 0;
			knownRegions = (
				en,
				Base,
			);
			mainGroup = A3D4A4FA24C7017600A93215;
			productRefGroup = A3D4A50424C7017600A93215 /* Products */;
			projectDirPath = "";
			projectRoot = "";
			targets = (
				A3D4A50224C7017600A93215 /* RelayApplication */,
			);
		};
/* End PBXProject section */

/* Begin PBXResourcesBuildPhase section */
		A3D4A50124C7017600A93215 /* Resources */ = {
			isa = PBXResourcesBuildPhase;
			buildActionMask = 2147483647;
			files = (
				A3D4A51624C7017700A93215 /* LaunchScreen.storyboard in Resources */,
				A3D4A51E24C7020300A93215 /* GoogleService-Info.plist in Resources */,
				A3D4A51324C7017700A93215 /* Preview Assets.xcassets in Resources */,
				A3D4A51024C7017700A93215 /* Assets.xcassets in Resources */,
			);
			runOnlyForDeploymentPostprocessing = 0;
		};
/* End PBXResourcesBuildPhase section */

/* Begin PBXShellScriptBuildPhase section */
		BDDFC57267C247C2A97614BA /* [CP] Check Pods Manifest.lock */ = {
			isa = PBXShellScriptBuildPhase;
			buildActionMask = 2147483647;
			files = (
			);
			inputFileListPaths = (
			);
			inputPaths = (
				"${PODS_PODFILE_DIR_PATH}/Podfile.lock",
				"${PODS_ROOT}/Manifest.lock",
			);
			name = "[CP] Check Pods Manifest.lock";
			outputFileListPaths = (
			);
			outputPaths = (
				"$(DERIVED_FILE_DIR)/Pods-RelayApplication-checkManifestLockResult.txt",
			);
			runOnlyForDeploymentPostprocessing = 0;
			shellPath = /bin/sh;
			shellScript = "diff \"${PODS_PODFILE_DIR_PATH}/Podfile.lock\" \"${PODS_ROOT}/Manifest.lock\" > /dev/null\nif [ $? != 0 ] ; then\n    # print error to STDERR\n    echo \"error: The sandbox is not in sync with the Podfile.lock. Run 'pod install' or update your CocoaPods installation.\" >&2\n    exit 1\nfi\n# This output is used by Xcode 'outputs' to avoid re-running this script phase.\necho \"SUCCESS\" > \"${SCRIPT_OUTPUT_FILE_0}\"\n";
			showEnvVarsInLog = 0;
		};
		BFF5F373E1844298536F9E2B /* [CP] Embed Pods Frameworks */ = {
			isa = PBXShellScriptBuildPhase;
			buildActionMask = 2147483647;
			files = (
			);
			inputFileListPaths = (
				"${PODS_ROOT}/Target Support Files/Pods-RelayApplication/Pods-RelayApplication-frameworks-${CONFIGURATION}-input-files.xcfilelist",
			);
			name = "[CP] Embed Pods Frameworks";
			outputFileListPaths = (
				"${PODS_ROOT}/Target Support Files/Pods-RelayApplication/Pods-RelayApplication-frameworks-${CONFIGURATION}-output-files.xcfilelist",
			);
			runOnlyForDeploymentPostprocessing = 0;
			shellPath = /bin/sh;
			shellScript = "\"${PODS_ROOT}/Target Support Files/Pods-RelayApplication/Pods-RelayApplication-frameworks.sh\"\n";
			showEnvVarsInLog = 0;
		};
/* End PBXShellScriptBuildPhase section */

/* Begin PBXSourcesBuildPhase section */
		A3D4A4FF24C7017600A93215 /* Sources */ = {
			isa = PBXSourcesBuildPhase;
			buildActionMask = 2147483647;
			files = (
				A3BA94AB24CAD1D100553216 /* diarydatabase.swift in Sources */,
				A38629F324CFFA87004D4155 /* MakeGameView.swift in Sources */,
				A3D4A50724C7017600A93215 /* AppDelegate.swift in Sources */,
				A38629FB24D00746004D4155 /* ManagerCreateView.swift in Sources */,
				A3BA94A924CAC79D00553216 /* UserCreateFinishView.swift in Sources */,
				A3D4A50C24C7017600A93215 /* RelayApplication.xcdatamodeld in Sources */,
				A3B3F30224D5232A005A7042 /* TimeListView.swift in Sources */,
				A3D7121224CECB1300A3B298 /* DiaryListView.swift in Sources */,
				A3D4A52224C7060100A93215 /* Homescreen.swift in Sources */,
				A3CCC74024D0618E0018E78D /* GameEditView.swift in Sources */,
				A38629F924CFFC02004D4155 /* EntryListView.swift in Sources */,
				A37B201924DA5B4A00F5C28F /* WebView.swift in Sources */,
				A3B3D27524DACF50005B79A1 /* GameEndView.swift in Sources */,
				A3D6A1CB24D2D024001270E0 /* KeyboardObserver.swift in Sources */,
				A38629FD24D007BC004D4155 /* ManagerQuestion.swift in Sources */,
				A3D4A50E24C7017600A93215 /* ContentView.swift in Sources */,
				A385A8C824C9E2D6006F57C9 /* gamedatabase.swift in Sources */,
				A3E3C94924CFCA680009D4D2 /* ManagerTopView.swift in Sources */,
				A3D4A50924C7017600A93215 /* SceneDelegate.swift in Sources */,
				A30A039624D99AE900792EFF /* EventListView.swift in Sources */,
				A3AA150A24D3ECD800D5DFB0 /* gamecompletedatabase.swift in Sources */,
				A3D4867A24C96AB500511354 /* userdatabase.swift in Sources */,
				A3D4867724C9667A00511354 /* GameView.swift in Sources */,
				A3D4867424C9395100511354 /* WelcomeView.swift in Sources */,
				A3E3C94724CFC55D0009D4D2 /* RelayView.swift in Sources */,
				A3B3F30424D5293A005A7042 /* timedatabase.swift in Sources */,
				A3D4868024C99F8A00511354 /* UserCreateView.swift in Sources */,
				A3BA94AD24CAD2DC00553216 /* UserEditView.swift in Sources */,
				A384B94024D6CBF400B9087D /* RelayApproveView.swift in Sources */,
				A3D4A52A24C7078600A93215 /* SingUpView.swift in Sources */,
				A3B3D27924DACF7B005B79A1 /* RelayEndView.swift in Sources */,
				A3B3D27B24DAD332005B79A1 /* GameFinishView.swift in Sources */,
				A3AA150824D3E0B900D5DFB0 /* GameApplicationFinishView.swift in Sources */,
				A3B2CCC624D6787C004E345E /* RelayApplicationFinishView.swift in Sources */,
				A3B2CCC424D67852004E345E /* RelayApplicationView.swift in Sources */,
				A3B3F30024D5230C005A7042 /* TimeView.swift in Sources */,
				A381367824D7C64500826754 /* ordercompletedatabase.swift in Sources */,
				A38629F524CFFAF7004D4155 /* ApproveView.swift in Sources */,
				A3B2CCCC24D6791A004E345E /* RelayQuestionView.swift in Sources */,
				A3AA150C24D3F03A00D5DFB0 /* GameListView.swift in Sources */,
				A3ACD7DE24CD781E00211BB9 /* UserEditFinishView.swift in Sources */,
				A38CA31C24D1832B0092592D /* ManagerEditView.swift in Sources */,
				A384B93C24D6C35F00B9087D /* relaycompletedatabase.swift in Sources */,
				A37B201724DA37BC00F5C28F /* RelayEventListView.swift in Sources */,
				A38629FF24D00C0B004D4155 /* managerdatabase.swift in Sources */,
				A37B201D24DA61AF00F5C28F /* GameApplicationView.swift in Sources */,
				A3B3D27724DACF67005B79A1 /* ManagerEndView.swift in Sources */,
				A3ACD7E024CD846700211BB9 /* DiaryView.swift in Sources */,
				A3B2CCCA24D678FA004E345E /* RelayListView.swift in Sources */,
				A3D4A52424C7064D00A93215 /* ManagerView.swift in Sources */,
				A38629F724CFFB67004D4155 /* OrderListView.swift in Sources */,
				A3D4A52724C7074A00A93215 /* LooginView.swift in Sources */,
				A3D4A52024C705D700A93215 /* HandlingView.swift in Sources */,
				A3B2CCC824D678D5004E345E /* RelayOrderView.swift in Sources */,
			);
			runOnlyForDeploymentPostprocessing = 0;
		};
/* End PBXSourcesBuildPhase section */

/* Begin PBXVariantGroup section */
		A3D4A51424C7017700A93215 /* LaunchScreen.storyboard */ = {
			isa = PBXVariantGroup;
			children = (
				A3D4A51524C7017700A93215 /* Base */,
			);
			name = LaunchScreen.storyboard;
			sourceTree = "<group>";
		};
/* End PBXVariantGroup section */

/* Begin XCBuildConfiguration section */
		A3D4A51824C7017700A93215 /* Debug */ = {
			isa = XCBuildConfiguration;
			buildSettings = {
				ALWAYS_SEARCH_USER_PATHS = NO;
				CLANG_ANALYZER_NONNULL = YES;
				CLANG_ANALYZER_NUMBER_OBJECT_CONVERSION = YES_AGGRESSIVE;
				CLANG_CXX_LANGUAGE_STANDARD = "gnu++14";
				CLANG_CXX_LIBRARY = "libc++";
				CLANG_ENABLE_MODULES = YES;
				CLANG_ENABLE_OBJC_ARC = YES;
				CLANG_ENABLE_OBJC_WEAK = YES;
				CLANG_WARN_BLOCK_CAPTURE_AUTORELEASING = YES;
				CLANG_WARN_BOOL_CONVERSION = YES;
				CLANG_WARN_COMMA = YES;
				CLANG_WARN_CONSTANT_CONVERSION = YES;
				CLANG_WARN_DEPRECATED_OBJC_IMPLEMENTATIONS = YES;
				CLANG_WARN_DIRECT_OBJC_ISA_USAGE = YES_ERROR;
				CLANG_WARN_DOCUMENTATION_COMMENTS = YES;
				CLANG_WARN_EMPTY_BODY = YES;
				CLANG_WARN_ENUM_CONVERSION = YES;
				CLANG_WARN_INFINITE_RECURSION = YES;
				CLANG_WARN_INT_CONVERSION = YES;
				CLANG_WARN_NON_LITERAL_NULL_CONVERSION = YES;
				CLANG_WARN_OBJC_IMPLICIT_RETAIN_SELF = YES;
				CLANG_WARN_OBJC_LITERAL_CONVERSION = YES;
				CLANG_WARN_OBJC_ROOT_CLASS = YES_ERROR;
				CLANG_WARN_RANGE_LOOP_ANALYSIS = YES;
				CLANG_WARN_STRICT_PROTOTYPES = YES;
				CLANG_WARN_SUSPICIOUS_MOVE = YES;
				CLANG_WARN_UNGUARDED_AVAILABILITY = YES_AGGRESSIVE;
				CLANG_WARN_UNREACHABLE_CODE = YES;
				CLANG_WARN__DUPLICATE_METHOD_MATCH = YES;
				COPY_PHASE_STRIP = NO;
				DEBUG_INFORMATION_FORMAT = dwarf;
				ENABLE_STRICT_OBJC_MSGSEND = YES;
				ENABLE_TESTABILITY = YES;
				GCC_C_LANGUAGE_STANDARD = gnu11;
				GCC_DYNAMIC_NO_PIC = NO;
				GCC_NO_COMMON_BLOCKS = YES;
				GCC_OPTIMIZATION_LEVEL = 0;
				GCC_PREPROCESSOR_DEFINITIONS = (
					"DEBUG=1",
					"$(inherited)",
				);
				GCC_WARN_64_TO_32_BIT_CONVERSION = YES;
				GCC_WARN_ABOUT_RETURN_TYPE = YES_ERROR;
				GCC_WARN_UNDECLARED_SELECTOR = YES;
				GCC_WARN_UNINITIALIZED_AUTOS = YES_AGGRESSIVE;
				GCC_WARN_UNUSED_FUNCTION = YES;
				GCC_WARN_UNUSED_VARIABLE = YES;
				IPHONEOS_DEPLOYMENT_TARGET = 13.6;
				MTL_ENABLE_DEBUG_INFO = INCLUDE_SOURCE;
				MTL_FAST_MATH = YES;
				ONLY_ACTIVE_ARCH = YES;
				SDKROOT = iphoneos;
				SWIFT_ACTIVE_COMPILATION_CONDITIONS = DEBUG;
				SWIFT_OPTIMIZATION_LEVEL = "-Onone";
			};
			name = Debug;
		};
		A3D4A51924C7017700A93215 /* Release */ = {
			isa = XCBuildConfiguration;
			buildSettings = {
				ALWAYS_SEARCH_USER_PATHS = NO;
				CLANG_ANALYZER_NONNULL = YES;
				CLANG_ANALYZER_NUMBER_OBJECT_CONVERSION = YES_AGGRESSIVE;
				CLANG_CXX_LANGUAGE_STANDARD = "gnu++14";
				CLANG_CXX_LIBRARY = "libc++";
				CLANG_ENABLE_MODULES = YES;
				CLANG_ENABLE_OBJC_ARC = YES;
				CLANG_ENABLE_OBJC_WEAK = YES;
				CLANG_WARN_BLOCK_CAPTURE_AUTORELEASING = YES;
				CLANG_WARN_BOOL_CONVERSION = YES;
				CLANG_WARN_COMMA = YES;
				CLANG_WARN_CONSTANT_CONVERSION = YES;
				CLANG_WARN_DEPRECATED_OBJC_IMPLEMENTATIONS = YES;
				CLANG_WARN_DIRECT_OBJC_ISA_USAGE = YES_ERROR;
				CLANG_WARN_DOCUMENTATION_COMMENTS = YES;
				CLANG_WARN_EMPTY_BODY = YES;
				CLANG_WARN_ENUM_CONVERSION = YES;
				CLANG_WARN_INFINITE_RECURSION = YES;
				CLANG_WARN_INT_CONVERSION = YES;
				CLANG_WARN_NON_LITERAL_NULL_CONVERSION = YES;
				CLANG_WARN_OBJC_IMPLICIT_RETAIN_SELF = YES;
				CLANG_WARN_OBJC_LITERAL_CONVERSION = YES;
				CLANG_WARN_OBJC_ROOT_CLASS = YES_ERROR;
				CLANG_WARN_RANGE_LOOP_ANALYSIS = YES;
				CLANG_WARN_STRICT_PROTOTYPES = YES;
				CLANG_WARN_SUSPICIOUS_MOVE = YES;
				CLANG_WARN_UNGUARDED_AVAILABILITY = YES_AGGRESSIVE;
				CLANG_WARN_UNREACHABLE_CODE = YES;
				CLANG_WARN__DUPLICATE_METHOD_MATCH = YES;
				COPY_PHASE_STRIP = NO;
				DEBUG_INFORMATION_FORMAT = "dwarf-with-dsym";
				ENABLE_NS_ASSERTIONS = NO;
				ENABLE_STRICT_OBJC_MSGSEND = YES;
				GCC_C_LANGUAGE_STANDARD = gnu11;
				GCC_NO_COMMON_BLOCKS = YES;
				GCC_WARN_64_TO_32_BIT_CONVERSION = YES;
				GCC_WARN_ABOUT_RETURN_TYPE = YES_ERROR;
				GCC_WARN_UNDECLARED_SELECTOR = YES;
				GCC_WARN_UNINITIALIZED_AUTOS = YES_AGGRESSIVE;
				GCC_WARN_UNUSED_FUNCTION = YES;
				GCC_WARN_UNUSED_VARIABLE = YES;
				IPHONEOS_DEPLOYMENT_TARGET = 13.6;
				MTL_ENABLE_DEBUG_INFO = NO;
				MTL_FAST_MATH = YES;
				SDKROOT = iphoneos;
				SWIFT_COMPILATION_MODE = wholemodule;
				SWIFT_OPTIMIZATION_LEVEL = "-O";
				VALIDATE_PRODUCT = YES;
			};
			name = Release;
		};
		A3D4A51B24C7017700A93215 /* Debug */ = {
			isa = XCBuildConfiguration;
			baseConfigurationReference = 1E0254F1E36F9930BB8C6D7D /* Pods-RelayApplication.debug.xcconfig */;
			buildSettings = {
				ASSETCATALOG_COMPILER_APPICON_NAME = AppIcon;
				CODE_SIGN_STYLE = Automatic;
				DEVELOPMENT_ASSET_PATHS = "\"RelayApplication/Preview Content\"";
				ENABLE_PREVIEWS = YES;
				INFOPLIST_FILE = RelayApplication/Info.plist;
				LD_RUNPATH_SEARCH_PATHS = (
					"$(inherited)",
					"@executable_path/Frameworks",
				);
				PRODUCT_BUNDLE_IDENTIFIER = com.example.RelayApplication;
				PRODUCT_NAME = "$(TARGET_NAME)";
				SWIFT_VERSION = 5.0;
				TARGETED_DEVICE_FAMILY = "1,2";
			};
			name = Debug;
		};
		A3D4A51C24C7017700A93215 /* Release */ = {
			isa = XCBuildConfiguration;
			baseConfigurationReference = 5A773736354E286946E6B8FA /* Pods-RelayApplication.release.xcconfig */;
			buildSettings = {
				ASSETCATALOG_COMPILER_APPICON_NAME = AppIcon;
				CODE_SIGN_STYLE = Automatic;
				DEVELOPMENT_ASSET_PATHS = "\"RelayApplication/Preview Content\"";
				ENABLE_PREVIEWS = YES;
				INFOPLIST_FILE = RelayApplication/Info.plist;
				LD_RUNPATH_SEARCH_PATHS = (
					"$(inherited)",
					"@executable_path/Frameworks",
				);
				PRODUCT_BUNDLE_IDENTIFIER = com.example.RelayApplication;
				PRODUCT_NAME = "$(TARGET_NAME)";
				SWIFT_VERSION = 5.0;
				TARGETED_DEVICE_FAMILY = "1,2";
			};
			name = Release;
		};
/* End XCBuildConfiguration section */

/* Begin XCConfigurationList section */
		A3D4A4FE24C7017600A93215 /* Build configuration list for PBXProject "RelayApplication" */ = {
			isa = XCConfigurationList;
			buildConfigurations = (
				A3D4A51824C7017700A93215 /* Debug */,
				A3D4A51924C7017700A93215 /* Release */,
			);
			defaultConfigurationIsVisible = 0;
			defaultConfigurationName = Release;
		};
		A3D4A51A24C7017700A93215 /* Build configuration list for PBXNativeTarget "RelayApplication" */ = {
			isa = XCConfigurationList;
			buildConfigurations = (
				A3D4A51B24C7017700A93215 /* Debug */,
				A3D4A51C24C7017700A93215 /* Release */,
			);
			defaultConfigurationIsVisible = 0;
			defaultConfigurationName = Release;
		};
/* End XCConfigurationList section */

/* Begin XCVersionGroup section */
		A3D4A50A24C7017600A93215 /* RelayApplication.xcdatamodeld */ = {
			isa = XCVersionGroup;
			children = (
				A3D4A50B24C7017600A93215 /* RelayApplication.xcdatamodel */,
			);
			currentVersion = A3D4A50B24C7017600A93215 /* RelayApplication.xcdatamodel */;
			path = RelayApplication.xcdatamodeld;
			sourceTree = "<group>";
			versionGroupType = wrapper.xcdatamodel;
		};
/* End XCVersionGroup section */
	};
	rootObject = A3D4A4FB24C7017600A93215 /* Project object */;
}
